
Microsoft Visual Studio Solution File, Format Version 12.00
# Visual Studio Version 17
VisualStudioVersion = 17.5.33516.290
MinimumVisualStudioVersion = 10.0.40219.1
Project("{FAE04EC0-301F-11D3-BF4B-00C04F79EFBC}") = "NewTetris", "NewTetris\NewTetris.csproj", "{97F529ED-925A-4006-A949-4DE25BECCC8B}"
EndProject
Global
	GlobalSection(SolutionConfigurationPlatforms) = preSolution
		Debug|Any CPU = Debug|Any CPU
		Release|Any CPU = Release|Any CPU
	EndGlobalSection
	GlobalSection(ProjectConfigurationPlatforms) = postSolution
		{97F529ED-925A-4006-A949-4DE25BECCC8B}.Debug|Any CPU.ActiveCfg = Debug|Any CPU
		{97F529ED-925A-4006-A949-4DE25BECCC8B}.Debug|Any CPU.Build.0 = Debug|Any CPU
		{97F529ED-925A-4006-A949-4DE25BECCC8B}.Release|Any CPU.ActiveCfg = Release|Any CPU
		{97F529ED-925A-4006-A949-4DE25BECCC8B}.Release|Any CPU.Build.0 = Release|Any CPU
	EndGlobalSection
	GlobalSection(SolutionProperties) = preSolution
		HideSolutionNode = FALSE
	EndGlobalSection
	GlobalSection(ExtensibilityGlobals) = postSolution
		SolutionGuid = {AC71C036-D5B7-4D4E-944C-588524FA873D}
	EndGlobalSection
EndGlobal
